{
    "name": "nf-scil-extensions",
    "version": "0.1.0",
    "lockfileVersion": 3,
    "requires": true,
    "packages": {
        "": {
            "name": "nf-scil-extensions",
            "version": "0.1.0",
            "engines": {
                "vscode": "^1.84.0"
            }
        }
    }
}
